
Microsoft Visual Studio Solution File, Format Version 12.00
# Visual Studio Version 17
VisualStudioVersion = 17.2.32616.157
MinimumVisualStudioVersion = 10.0.40219.1
Project("{FAE04EC0-301F-11D3-BF4B-00C04F79EFBC}") = "Automação de Valores Steam", "Automação de Valores Steam\Automação de Valores Steam.csproj", "{9BE48E88-1FA3-4B18-9B6E-EBF34B0BCA20}"
EndProject
Global
	GlobalSection(SolutionConfigurationPlatforms) = preSolution
		Debug|Any CPU = Debug|Any CPU
		Release|Any CPU = Release|Any CPU
	EndGlobalSection
	GlobalSection(ProjectConfigurationPlatforms) = postSolution
		{9BE48E88-1FA3-4B18-9B6E-EBF34B0BCA20}.Debug|Any CPU.ActiveCfg = Debug|Any CPU
		{9BE48E88-1FA3-4B18-9B6E-EBF34B0BCA20}.Debug|Any CPU.Build.0 = Debug|Any CPU
		{9BE48E88-1FA3-4B18-9B6E-EBF34B0BCA20}.Release|Any CPU.ActiveCfg = Release|Any CPU
		{9BE48E88-1FA3-4B18-9B6E-EBF34B0BCA20}.Release|Any CPU.Build.0 = Release|Any CPU
	EndGlobalSection
	GlobalSection(SolutionProperties) = preSolution
		HideSolutionNode = FALSE
	EndGlobalSection
	GlobalSection(ExtensibilityGlobals) = postSolution
		SolutionGuid = {501D2FB2-3808-4943-944F-053CDA931AF2}
	EndGlobalSection
EndGlobal
